{
  "lockfileVersion": 1,
  "configVersion": 1,
  "workspaces": {
    "": {
      "name": "webgpt",
      "dependencies": {
        "bun-webgpu": "^0.1.5",
        "webgpu": "^0.3.8",
      },
      "devDependencies": {
        "@types/bun": "^1.3.9",
        "@webgpu/types": "^0.1.69",
      },
    },
  },
  "trustedDependencies": [
    "webgpu",
  ],
  "packages": {
    "@types/bun": ["@types/bun@1.3.9", "", { "dependencies": { "bun-types": "1.3.9" } }, "sha512-KQ571yULOdWJiMH+RIWIOZ7B2RXQGpL1YQrBtLIV3FqDcCu6FsbFUBwhdKUlCKUpS3PJDsHlJ1QKlpxoVR+xtw=="],

    "@types/node": ["@types/node@25.3.2", "", { "dependencies": { "undici-types": "~7.18.0" } }, "sha512-RpV6r/ij22zRRdyBPcxDeKAzH43phWVKEjL2iksqo1Vz3CuBUrgmPpPhALKiRfU7OMCmeeO9vECBMsV0hMTG8Q=="],

    "@webgpu/types": ["@webgpu/types@0.1.69", "", {}, "sha512-RPmm6kgRbI8e98zSD3RVACvnuktIja5+yLgDAkTmxLr90BEwdTXRQWNLF3ETTTyH/8mKhznZuN5AveXYFEsMGQ=="],

    "bun-types": ["bun-types@1.3.9", "", { "dependencies": { "@types/node": "*" } }, "sha512-+UBWWOakIP4Tswh0Bt0QD0alpTY8cb5hvgiYeWCMet9YukHbzuruIEeXC2D7nMJPB12kbh8C7XJykSexEqGKJg=="],

    "bun-webgpu": ["bun-webgpu@0.1.5", "", { "dependencies": { "@webgpu/types": "^0.1.60" }, "optionalDependencies": { "bun-webgpu-darwin-arm64": "^0.1.5", "bun-webgpu-darwin-x64": "^0.1.5", "bun-webgpu-linux-x64": "^0.1.5", "bun-webgpu-win32-x64": "^0.1.5" } }, "sha512-91/K6S5whZKX7CWAm9AylhyKrLGRz6BUiiPiM/kXadSnD4rffljCD/q9cNFftm5YXhx4MvLqw33yEilxogJvwA=="],

    "bun-webgpu-darwin-arm64": ["bun-webgpu-darwin-arm64@0.1.5", "", { "os": "darwin", "cpu": "arm64" }, "sha512-qM7W5IaFpWYGPDcNiQ8DOng3noQ97gxpH2MFH1mGsdKwI0T4oy++egSh5Z7s6AQx8WKgc9GzAsTUM4KZkFdacw=="],

    "bun-webgpu-darwin-x64": ["bun-webgpu-darwin-x64@0.1.5", "", { "os": "darwin", "cpu": "x64" }, "sha512-oVoIsme27pcXB68YxnQSAgdNGCa4A3PGWYIBUewOh9VnJaoik4JenGb5Yy+svGE+ETFhQXV9nhHqgMPsDRrO6A=="],

    "bun-webgpu-linux-x64": ["bun-webgpu-linux-x64@0.1.5", "", { "os": "linux", "cpu": "x64" }, "sha512-+SYt09k+xDEl/GfcU7L1zdNgm7IlvAFKV5Xl/auBwuprKG5UwXNhjRlRAWfhTMCUZWN+NDf8E+ZQx0cQi9K2/g=="],

    "bun-webgpu-win32-x64": ["bun-webgpu-win32-x64@0.1.5", "", { "os": "win32", "cpu": "x64" }, "sha512-zvnUl4EAsQbKsmZVu+lEJcH8axQ7MiCfqg2OmnHd6uw1THABmHaX0GbpKiHshdgadNN2Nf+4zDyTJB5YMcAdrA=="],

    "debug": ["debug@4.4.3", "", { "dependencies": { "ms": "^2.1.3" } }, "sha512-RGwwWnwQvkVfavKVt22FGLw+xYSdzARwm0ru6DhTVA3umU5hZc28V3kO4stgYryrTlLpuvgI9GiijltAjNbcqA=="],

    "ms": ["ms@2.1.3", "", {}, "sha512-6FlzubTLZG3J2a/NVCAleEhjzq5oxgHyaCU9yYXvcLsvoVaHJq/s5xXI6/XXP6tz7R9xAOtHnSO/tXtF3WRTlA=="],

    "undici-types": ["undici-types@7.18.2", "", {}, "sha512-AsuCzffGHJybSaRrmr5eHr81mwJU3kjw6M+uprWvCXiNeN9SOGwQ3Jn8jb8m3Z6izVgknn1R0FTCEAP2QrLY/w=="],

    "webgpu": ["webgpu@0.3.8", "", { "dependencies": { "@webgpu/types": "^0.1.65", "debug": "^4.4.0" } }, "sha512-g2YwfCvzHoQHwSEY3fS95sVKdo/JVLL9AnicJyRQBPwWm4j7zISHvk6P85HaWP0LhtBV+aopsShKIaDi4smECg=="],
  }
}
