{
  "name": "webgpt",
  "version": "0.0.1",
  "lockfileVersion": 3,
  "requires": true,
  "packages": {
    "": {
      "name": "webgpt",
      "version": "0.0.1",
      "dependencies": {
        "bun-webgpu": "^0.1.5",
        "webgpu": "^0.3.8"
      },
      "devDependencies": {
        "@types/bun": "^1.3.9",
        "@webgpu/types": "^0.1.69"
      }
    },
    "node_modules/@types/bun": {
      "version": "1.3.9",
      "resolved": "https://registry.npmjs.org/@types/bun/-/bun-1.3.9.tgz",
      "integrity": "sha512-KQ571yULOdWJiMH+RIWIOZ7B2RXQGpL1YQrBtLIV3FqDcCu6FsbFUBwhdKUlCKUpS3PJDsHlJ1QKlpxoVR+xtw==",
      "dev": true,
      "license": "MIT",
      "dependencies": {
        "bun-types": "1.3.9"
      }
    },
    "node_modules/@types/node": {
      "version": "25.3.2",
      "resolved": "https://registry.npmjs.org/@types/node/-/node-25.3.2.tgz",
      "integrity": "sha512-RpV6r/ij22zRRdyBPcxDeKAzH43phWVKEjL2iksqo1Vz3CuBUrgmPpPhALKiRfU7OMCmeeO9vECBMsV0hMTG8Q==",
      "dev": true,
      "license": "MIT",
      "dependencies": {
        "undici-types": "~7.18.0"
      }
    },
    "node_modules/@webgpu/types": {
      "version": "0.1.69",
      "resolved": "https://registry.npmjs.org/@webgpu/types/-/types-0.1.69.tgz",
      "integrity": "sha512-RPmm6kgRbI8e98zSD3RVACvnuktIja5+yLgDAkTmxLr90BEwdTXRQWNLF3ETTTyH/8mKhznZuN5AveXYFEsMGQ==",
      "license": "BSD-3-Clause"
    },
    "node_modules/bun-types": {
      "version": "1.3.9",
      "resolved": "https://registry.npmjs.org/bun-types/-/bun-types-1.3.9.tgz",
      "integrity": "sha512-+UBWWOakIP4Tswh0Bt0QD0alpTY8cb5hvgiYeWCMet9YukHbzuruIEeXC2D7nMJPB12kbh8C7XJykSexEqGKJg==",
      "dev": true,
      "license": "MIT",
      "dependencies": {
        "@types/node": "*"
      }
    },
    "node_modules/bun-webgpu": {
      "version": "0.1.5",
      "resolved": "https://registry.npmjs.org/bun-webgpu/-/bun-webgpu-0.1.5.tgz",
      "integrity": "sha512-91/K6S5whZKX7CWAm9AylhyKrLGRz6BUiiPiM/kXadSnD4rffljCD/q9cNFftm5YXhx4MvLqw33yEilxogJvwA==",
      "license": "Apache-2.0",
      "dependencies": {
        "@webgpu/types": "^0.1.60"
      },
      "optionalDependencies": {
        "bun-webgpu-darwin-arm64": "^0.1.5",
        "bun-webgpu-darwin-x64": "^0.1.5",
        "bun-webgpu-linux-x64": "^0.1.5",
        "bun-webgpu-win32-x64": "^0.1.5"
      }
    },
    "node_modules/bun-webgpu-darwin-arm64": {
      "version": "0.1.5",
      "resolved": "https://registry.npmjs.org/bun-webgpu-darwin-arm64/-/bun-webgpu-darwin-arm64-0.1.5.tgz",
      "integrity": "sha512-qM7W5IaFpWYGPDcNiQ8DOng3noQ97gxpH2MFH1mGsdKwI0T4oy++egSh5Z7s6AQx8WKgc9GzAsTUM4KZkFdacw==",
      "cpu": [
        "arm64"
      ],
      "license": "Apache-2.0",
      "optional": true,
      "os": [
        "darwin"
      ]
    },
    "node_modules/bun-webgpu-darwin-x64": {
      "version": "0.1.5",
      "resolved": "https://registry.npmjs.org/bun-webgpu-darwin-x64/-/bun-webgpu-darwin-x64-0.1.5.tgz",
      "integrity": "sha512-oVoIsme27pcXB68YxnQSAgdNGCa4A3PGWYIBUewOh9VnJaoik4JenGb5Yy+svGE+ETFhQXV9nhHqgMPsDRrO6A==",
      "cpu": [
        "x64"
      ],
      "license": "Apache-2.0",
      "optional": true,
      "os": [
        "darwin"
      ]
    },
    "node_modules/bun-webgpu-linux-x64": {
      "version": "0.1.5",
      "resolved": "https://registry.npmjs.org/bun-webgpu-linux-x64/-/bun-webgpu-linux-x64-0.1.5.tgz",
      "integrity": "sha512-+SYt09k+xDEl/GfcU7L1zdNgm7IlvAFKV5Xl/auBwuprKG5UwXNhjRlRAWfhTMCUZWN+NDf8E+ZQx0cQi9K2/g==",
      "cpu": [
        "x64"
      ],
      "license": "Apache-2.0",
      "optional": true,
      "os": [
        "linux"
      ]
    },
    "node_modules/bun-webgpu-win32-x64": {
      "version": "0.1.5",
      "resolved": "https://registry.npmjs.org/bun-webgpu-win32-x64/-/bun-webgpu-win32-x64-0.1.5.tgz",
      "integrity": "sha512-zvnUl4EAsQbKsmZVu+lEJcH8axQ7MiCfqg2OmnHd6uw1THABmHaX0GbpKiHshdgadNN2Nf+4zDyTJB5YMcAdrA==",
      "cpu": [
        "x64"
      ],
      "license": "Apache-2.0",
      "optional": true,
      "os": [
        "win32"
      ]
    },
    "node_modules/debug": {
      "version": "4.4.3",
      "resolved": "https://registry.npmjs.org/debug/-/debug-4.4.3.tgz",
      "integrity": "sha512-RGwwWnwQvkVfavKVt22FGLw+xYSdzARwm0ru6DhTVA3umU5hZc28V3kO4stgYryrTlLpuvgI9GiijltAjNbcqA==",
      "license": "MIT",
      "dependencies": {
        "ms": "^2.1.3"
      },
      "engines": {
        "node": ">=6.0"
      },
      "peerDependenciesMeta": {
        "supports-color": {
          "optional": true
        }
      }
    },
    "node_modules/ms": {
      "version": "2.1.3",
      "resolved": "https://registry.npmjs.org/ms/-/ms-2.1.3.tgz",
      "integrity": "sha512-6FlzubTLZG3J2a/NVCAleEhjzq5oxgHyaCU9yYXvcLsvoVaHJq/s5xXI6/XXP6tz7R9xAOtHnSO/tXtF3WRTlA==",
      "license": "MIT"
    },
    "node_modules/undici-types": {
      "version": "7.18.2",
      "resolved": "https://registry.npmjs.org/undici-types/-/undici-types-7.18.2.tgz",
      "integrity": "sha512-AsuCzffGHJybSaRrmr5eHr81mwJU3kjw6M+uprWvCXiNeN9SOGwQ3Jn8jb8m3Z6izVgknn1R0FTCEAP2QrLY/w==",
      "dev": true,
      "license": "MIT"
    },
    "node_modules/webgpu": {
      "version": "0.3.8",
      "resolved": "https://registry.npmjs.org/webgpu/-/webgpu-0.3.8.tgz",
      "integrity": "sha512-g2YwfCvzHoQHwSEY3fS95sVKdo/JVLL9AnicJyRQBPwWm4j7zISHvk6P85HaWP0LhtBV+aopsShKIaDi4smECg==",
      "hasInstallScript": true,
      "license": "MIT",
      "dependencies": {
        "@webgpu/types": "^0.1.65",
        "debug": "^4.4.0"
      }
    }
  }
}
